{
  "name": "test",
  "version": "1.0.0",
  "lockfileVersion": 2,
  "requires": true,
  "packages": {
    "": {
      "name": "test",
      "version": "1.0.0",
      "license": "ISC",
      "dependencies": {
        "shut": "^6.3.3"
      }
    },
    "node_modules/shut": {
      "version": "6.3.3",
      "resolved": "https://registry.npmjs.org/shut/-/shut-6.3.3.tgz",
      "integrity": "sha512-N4kEfnqsXL1M9bEdaB9eYiuFZX3PXXEs5uxnCraTUB+bjpkWhrwoRCxkVoEpaIisSYkrAxES3kHd/VnOzmXoww=="
    }
  },
  "dependencies": {
    "shut": {
      "version": "6.3.3",
      "resolved": "https://registry.npmjs.org/shut/-/shut-6.3.3.tgz",
      "integrity": "sha512-N4kEfnqsXL1M9bEdaB9eYiuFZX3PXXEs5uxnCraTUB+bjpkWhrwoRCxkVoEpaIisSYkrAxES3kHd/VnOzmXoww=="
    }
  }
}
